
Microsoft Visual Studio Solution File, Format Version 12.00
# Visual Studio Version 17
VisualStudioVersion = 17.1.32407.343
MinimumVisualStudioVersion = 10.0.40219.1
Project("{FAE04EC0-301F-11D3-BF4B-00C04F79EFBC}") = "KataCalculatorV2", "KataCalculatorV2\KataCalculatorV2.csproj", "{596FCB0B-86ED-46F8-8CBA-293862BED393}"
EndProject
Global
	GlobalSection(SolutionConfigurationPlatforms) = preSolution
		Debug|Any CPU = Debug|Any CPU
		Release|Any CPU = Release|Any CPU
	EndGlobalSection
	GlobalSection(ProjectConfigurationPlatforms) = postSolution
		{596FCB0B-86ED-46F8-8CBA-293862BED393}.Debug|Any CPU.ActiveCfg = Debug|Any CPU
		{596FCB0B-86ED-46F8-8CBA-293862BED393}.Debug|Any CPU.Build.0 = Debug|Any CPU
		{596FCB0B-86ED-46F8-8CBA-293862BED393}.Release|Any CPU.ActiveCfg = Release|Any CPU
		{596FCB0B-86ED-46F8-8CBA-293862BED393}.Release|Any CPU.Build.0 = Release|Any CPU
	EndGlobalSection
	GlobalSection(SolutionProperties) = preSolution
		HideSolutionNode = FALSE
	EndGlobalSection
	GlobalSection(ExtensibilityGlobals) = postSolution
		SolutionGuid = {D97E1FFB-B855-4E40-92AB-589CA01BA642}
	EndGlobalSection
EndGlobal
